
Microsoft Visual Studio Solution File, Format Version 12.00
# Visual Studio Version 16
VisualStudioVersion = 16.0.30907.101
MinimumVisualStudioVersion = 10.0.40219.1
Project("{FAE04EC0-301F-11D3-BF4B-00C04F79EFBC}") = "CoreHost", "CoreHost\CoreHost.csproj", "{C72DECFD-DEEC-4994-9F23-6420B3446785}"
EndProject
Global
	GlobalSection(SolutionConfigurationPlatforms) = preSolution
		Debug|Any CPU = Debug|Any CPU
		Release|Any CPU = Release|Any CPU
	EndGlobalSection
	GlobalSection(ProjectConfigurationPlatforms) = postSolution
		{C72DECFD-DEEC-4994-9F23-6420B3446785}.Debug|Any CPU.ActiveCfg = Debug|Any CPU
		{C72DECFD-DEEC-4994-9F23-6420B3446785}.Debug|Any CPU.Build.0 = Debug|Any CPU
		{C72DECFD-DEEC-4994-9F23-6420B3446785}.Release|Any CPU.ActiveCfg = Release|Any CPU
		{C72DECFD-DEEC-4994-9F23-6420B3446785}.Release|Any CPU.Build.0 = Release|Any CPU
	EndGlobalSection
	GlobalSection(SolutionProperties) = preSolution
		HideSolutionNode = FALSE
	EndGlobalSection
	GlobalSection(ExtensibilityGlobals) = postSolution
		SolutionGuid = {BA297C7C-93CF-4B63-B09E-AC23DA9A34C6}
	EndGlobalSection
EndGlobal
